
Microsoft Visual Studio Solution File, Format Version 12.00
# Visual Studio Version 17
VisualStudioVersion = 17.14.36202.13
MinimumVisualStudioVersion = 10.0.40219.1
Project("{FAE04EC0-301F-11D3-BF4B-00C04F79EFBC}") = "TTH_Inventory_Mngt.WebApi.Public", "TTH_Inventory_Mngt.WebApi.Public\TTH_Inventory_Mngt.WebApi.Public.csproj", "{EF0BCC80-DD12-4633-8887-9497070C750A}"
EndProject
Project("{FAE04EC0-301F-11D3-BF4B-00C04F79EFBC}") = "TTH_Inventory_Mngt.WebApi.Common", "TTH_Inventory_Mngt.WebApi.Common\TTH_Inventory_Mngt.WebApi.Common.csproj", "{2D57EC51-42D2-4933-A62B-322737763083}"
EndProject
Project("{FAE04EC0-301F-11D3-BF4B-00C04F79EFBC}") = "TTH_Inventory_Mngt.WebApi.CommonServices", "TTH_Inventory_Mngt.WebApi.CommonServices\TTH_Inventory_Mngt.WebApi.CommonServices.csproj", "{369A081D-75E9-45D1-A199-7C81CA5EC7C8}"
EndProject
Project("{FAE04EC0-301F-11D3-BF4B-00C04F79EFBC}") = "TTH_Inventory_Mngt.WebApi.DataAccess", "TTH_Inventory_Mngt.WebApi.DataAccess\TTH_Inventory_Mngt.WebApi.DataAccess.csproj", "{4F9FD560-1DF3-4FF8-86B9-B444A26D80F4}"
EndProject
Project("{FAE04EC0-301F-11D3-BF4B-00C04F79EFBC}") = "TTH_Inventory_Mngt.WebApi.CommonServices.Tests", "TTH_Inventory_Mngt.WebApi.CommonServices.Tests\TTH_Inventory_Mngt.WebApi.CommonServices.Tests.csproj", "{CA79BC22-6086-2545-0631-F537BC0D9456}"
EndProject
Project("{FAE04EC0-301F-11D3-BF4B-00C04F79EFBC}") = "TTH_Inventory_Mngt.WebApi.DataAccess.Tests", "TTH_Inventory_Mngt.WebApi.DataAccess.Tests\TTH_Inventory_Mngt.WebApi.DataAccess.Tests.csproj", "{1B46B2A2-BCE2-6918-1D6A-0CC1247153A8}"
EndProject
Project("{FAE04EC0-301F-11D3-BF4B-00C04F79EFBC}") = "TTH_Inventory_Mngt.WebApi.Public.Tests", "TTH_Inventory_Mngt.WebApi.Public.Tests\TTH_Inventory_Mngt.WebApi.Public.Tests.csproj", "{8C8C961C-A05E-B191-730D-08B1D63AF4BC}"
EndProject
Project("{FAE04EC0-301F-11D3-BF4B-00C04F79EFBC}") = "TTH_Inventory_Mngt.WebApi.Common.Tests", "TTH_Inventory_Mngt.WebApi.Common.Tests\TTH_Inventory_Mngt.WebApi.Common.Tests.csproj", "{F67F480A-7FD0-501F-C7E9-8D8F000494AB}"
EndProject
Global
	GlobalSection(SolutionConfigurationPlatforms) = preSolution
		Debug|Any CPU = Debug|Any CPU
		Release|Any CPU = Release|Any CPU
	EndGlobalSection
	GlobalSection(ProjectConfigurationPlatforms) = postSolution
		{EF0BCC80-DD12-4633-8887-9497070C750A}.Debug|Any CPU.ActiveCfg = Debug|Any CPU
		{EF0BCC80-DD12-4633-8887-9497070C750A}.Debug|Any CPU.Build.0 = Debug|Any CPU
		{EF0BCC80-DD12-4633-8887-9497070C750A}.Release|Any CPU.ActiveCfg = Release|Any CPU
		{EF0BCC80-DD12-4633-8887-9497070C750A}.Release|Any CPU.Build.0 = Release|Any CPU
		{2D57EC51-42D2-4933-A62B-322737763083}.Debug|Any CPU.ActiveCfg = Debug|Any CPU
		{2D57EC51-42D2-4933-A62B-322737763083}.Debug|Any CPU.Build.0 = Debug|Any CPU
		{2D57EC51-42D2-4933-A62B-322737763083}.Release|Any CPU.ActiveCfg = Release|Any CPU
		{2D57EC51-42D2-4933-A62B-322737763083}.Release|Any CPU.Build.0 = Release|Any CPU
		{369A081D-75E9-45D1-A199-7C81CA5EC7C8}.Debug|Any CPU.ActiveCfg = Debug|Any CPU
		{369A081D-75E9-45D1-A199-7C81CA5EC7C8}.Debug|Any CPU.Build.0 = Debug|Any CPU
		{369A081D-75E9-45D1-A199-7C81CA5EC7C8}.Release|Any CPU.ActiveCfg = Release|Any CPU
		{369A081D-75E9-45D1-A199-7C81CA5EC7C8}.Release|Any CPU.Build.0 = Release|Any CPU
		{4F9FD560-1DF3-4FF8-86B9-B444A26D80F4}.Debug|Any CPU.ActiveCfg = Debug|Any CPU
		{4F9FD560-1DF3-4FF8-86B9-B444A26D80F4}.Debug|Any CPU.Build.0 = Debug|Any CPU
		{4F9FD560-1DF3-4FF8-86B9-B444A26D80F4}.Release|Any CPU.ActiveCfg = Release|Any CPU
		{4F9FD560-1DF3-4FF8-86B9-B444A26D80F4}.Release|Any CPU.Build.0 = Release|Any CPU
		{CA79BC22-6086-2545-0631-F537BC0D9456}.Debug|Any CPU.ActiveCfg = Debug|Any CPU
		{CA79BC22-6086-2545-0631-F537BC0D9456}.Debug|Any CPU.Build.0 = Debug|Any CPU
		{CA79BC22-6086-2545-0631-F537BC0D9456}.Release|Any CPU.ActiveCfg = Release|Any CPU
		{CA79BC22-6086-2545-0631-F537BC0D9456}.Release|Any CPU.Build.0 = Release|Any CPU
		{1B46B2A2-BCE2-6918-1D6A-0CC1247153A8}.Debug|Any CPU.ActiveCfg = Debug|Any CPU
		{1B46B2A2-BCE2-6918-1D6A-0CC1247153A8}.Debug|Any CPU.Build.0 = Debug|Any CPU
		{1B46B2A2-BCE2-6918-1D6A-0CC1247153A8}.Release|Any CPU.ActiveCfg = Release|Any CPU
		{1B46B2A2-BCE2-6918-1D6A-0CC1247153A8}.Release|Any CPU.Build.0 = Release|Any CPU
		{8C8C961C-A05E-B191-730D-08B1D63AF4BC}.Debug|Any CPU.ActiveCfg = Debug|Any CPU
		{8C8C961C-A05E-B191-730D-08B1D63AF4BC}.Debug|Any CPU.Build.0 = Debug|Any CPU
		{8C8C961C-A05E-B191-730D-08B1D63AF4BC}.Release|Any CPU.ActiveCfg = Release|Any CPU
		{8C8C961C-A05E-B191-730D-08B1D63AF4BC}.Release|Any CPU.Build.0 = Release|Any CPU
		{F67F480A-7FD0-501F-C7E9-8D8F000494AB}.Debug|Any CPU.ActiveCfg = Debug|Any CPU
		{F67F480A-7FD0-501F-C7E9-8D8F000494AB}.Debug|Any CPU.Build.0 = Debug|Any CPU
		{F67F480A-7FD0-501F-C7E9-8D8F000494AB}.Release|Any CPU.ActiveCfg = Release|Any CPU
		{F67F480A-7FD0-501F-C7E9-8D8F000494AB}.Release|Any CPU.Build.0 = Release|Any CPU
	EndGlobalSection
	GlobalSection(SolutionProperties) = preSolution
		HideSolutionNode = FALSE
	EndGlobalSection
	GlobalSection(ExtensibilityGlobals) = postSolution
		SolutionGuid = {C856CF75-DFC0-498B-8393-E634B77EC6F0}
	EndGlobalSection
EndGlobal
